
Microsoft Visual Studio Solution File, Format Version 12.00
# Visual Studio Version 16
VisualStudioVersion = 16.0.30330.147
MinimumVisualStudioVersion = 10.0.40219.1
Project("{8BC9CEB8-8B4A-11D0-8D11-00A0C91BC942}") = "Sorting", "Sorting.vcxproj", "{07FB4F6B-9568-4BB2-B88E-0BD72262127D}"
EndProject
Global
	GlobalSection(SolutionConfigurationPlatforms) = preSolution
		Debug|x64 = Debug|x64
		Debug|x86 = Debug|x86
		Release|x64 = Release|x64
		Release|x86 = Release|x86
	EndGlobalSection
	GlobalSection(ProjectConfigurationPlatforms) = postSolution
		{07FB4F6B-9568-4BB2-B88E-0BD72262127D}.Debug|x64.ActiveCfg = Debug|x64
		{07FB4F6B-9568-4BB2-B88E-0BD72262127D}.Debug|x64.Build.0 = Debug|x64
		{07FB4F6B-9568-4BB2-B88E-0BD72262127D}.Debug|x86.ActiveCfg = Debug|Win32
		{07FB4F6B-9568-4BB2-B88E-0BD72262127D}.Debug|x86.Build.0 = Debug|Win32
		{07FB4F6B-9568-4BB2-B88E-0BD72262127D}.Release|x64.ActiveCfg = Release|x64
		{07FB4F6B-9568-4BB2-B88E-0BD72262127D}.Release|x64.Build.0 = Release|x64
		{07FB4F6B-9568-4BB2-B88E-0BD72262127D}.Release|x86.ActiveCfg = Release|Win32
		{07FB4F6B-9568-4BB2-B88E-0BD72262127D}.Release|x86.Build.0 = Release|Win32
	EndGlobalSection
	GlobalSection(SolutionProperties) = preSolution
		HideSolutionNode = FALSE
	EndGlobalSection
	GlobalSection(ExtensibilityGlobals) = postSolution
		SolutionGuid = {78F35BC5-C863-45B0-8BDE-5C412EADE291}
	EndGlobalSection
EndGlobal
